
Microsoft Visual Studio Solution File, Format Version 12.00
# Visual Studio 2012
Project("{FAE04EC0-301F-11D3-BF4B-00C04F79EFBC}") = "sampleApp.Droid", "Droid\sampleApp.Droid.csproj", "{9AD16503-6270-43E7-9444-255A4D466E22}"
EndProject
Project("{FAE04EC0-301F-11D3-BF4B-00C04F79EFBC}") = "sampleApp.iOS", "iOS\sampleApp.iOS.csproj", "{3893780F-C85D-4368-B69A-661B8D437CB3}"
EndProject
Project("{D954291E-2A0B-460D-934E-DC6B0785DB48}") = "sampleApp", "sampleApp\sampleApp.shproj", "{888630B8-31B4-4792-9717-1856509E238B}"
EndProject
Global
	GlobalSection(SolutionConfigurationPlatforms) = preSolution
		Debug|Any CPU = Debug|Any CPU
		Release|Any CPU = Release|Any CPU
		Debug|iPhoneSimulator = Debug|iPhoneSimulator
		Release|iPhone = Release|iPhone
		Release|iPhoneSimulator = Release|iPhoneSimulator
		Debug|iPhone = Debug|iPhone
	EndGlobalSection
	GlobalSection(ProjectConfigurationPlatforms) = postSolution
		{9AD16503-6270-43E7-9444-255A4D466E22}.Debug|Any CPU.ActiveCfg = Debug|Any CPU
		{9AD16503-6270-43E7-9444-255A4D466E22}.Debug|Any CPU.Build.0 = Debug|Any CPU
		{9AD16503-6270-43E7-9444-255A4D466E22}.Release|Any CPU.ActiveCfg = Release|Any CPU
		{9AD16503-6270-43E7-9444-255A4D466E22}.Release|Any CPU.Build.0 = Release|Any CPU
		{9AD16503-6270-43E7-9444-255A4D466E22}.Debug|iPhoneSimulator.ActiveCfg = Debug|Any CPU
		{9AD16503-6270-43E7-9444-255A4D466E22}.Debug|iPhoneSimulator.Build.0 = Debug|Any CPU
		{9AD16503-6270-43E7-9444-255A4D466E22}.Release|iPhone.ActiveCfg = Release|Any CPU
		{9AD16503-6270-43E7-9444-255A4D466E22}.Release|iPhone.Build.0 = Release|Any CPU
		{9AD16503-6270-43E7-9444-255A4D466E22}.Release|iPhoneSimulator.ActiveCfg = Release|Any CPU
		{9AD16503-6270-43E7-9444-255A4D466E22}.Release|iPhoneSimulator.Build.0 = Release|Any CPU
		{9AD16503-6270-43E7-9444-255A4D466E22}.Debug|iPhone.ActiveCfg = Debug|Any CPU
		{9AD16503-6270-43E7-9444-255A4D466E22}.Debug|iPhone.Build.0 = Debug|Any CPU
		{3893780F-C85D-4368-B69A-661B8D437CB3}.Debug|Any CPU.ActiveCfg = Debug|iPhoneSimulator
		{3893780F-C85D-4368-B69A-661B8D437CB3}.Debug|Any CPU.Build.0 = Debug|iPhoneSimulator
		{3893780F-C85D-4368-B69A-661B8D437CB3}.Release|Any CPU.ActiveCfg = Release|iPhone
		{3893780F-C85D-4368-B69A-661B8D437CB3}.Release|Any CPU.Build.0 = Release|iPhone
		{3893780F-C85D-4368-B69A-661B8D437CB3}.Debug|iPhoneSimulator.ActiveCfg = Debug|iPhoneSimulator
		{3893780F-C85D-4368-B69A-661B8D437CB3}.Debug|iPhoneSimulator.Build.0 = Debug|iPhoneSimulator
		{3893780F-C85D-4368-B69A-661B8D437CB3}.Release|iPhone.ActiveCfg = Release|iPhone
		{3893780F-C85D-4368-B69A-661B8D437CB3}.Release|iPhone.Build.0 = Release|iPhone
		{3893780F-C85D-4368-B69A-661B8D437CB3}.Release|iPhoneSimulator.ActiveCfg = Release|iPhoneSimulator
		{3893780F-C85D-4368-B69A-661B8D437CB3}.Release|iPhoneSimulator.Build.0 = Release|iPhoneSimulator
		{3893780F-C85D-4368-B69A-661B8D437CB3}.Debug|iPhone.ActiveCfg = Debug|iPhone
		{3893780F-C85D-4368-B69A-661B8D437CB3}.Debug|iPhone.Build.0 = Debug|iPhone
	EndGlobalSection
EndGlobal
